{
  "name": "sqlrite-notes",
  "version": "0.1.0",
  "lockfileVersion": 3,
  "requires": true,
  "packages": {
    "": {
      "name": "sqlrite-notes",
      "version": "0.1.0",
      "license": "MIT",
      "dependencies": {
        "@joaoh82/sqlrite": "^0.10.0"
      },
      "bin": {
        "sqlrite-notes": "bin/sqlrite-notes.mjs"
      },
      "engines": {
        "node": ">=20"
      }
    },
    "node_modules/@joaoh82/sqlrite": {
      "version": "0.10.0",
      "resolved": "https://registry.npmjs.org/@joaoh82/sqlrite/-/sqlrite-0.10.0.tgz",
      "integrity": "sha512-zHYElNw7gFVO5fke5SvFtz8y+rVAVEFz0DZuNGM0QtWTEVwCk3/MdQHV03zo3yPK/y6zxPXyKY2yvGFpN/1uVw==",
      "license": "MIT",
      "engines": {
        "node": ">= 18"
      }
    }
  }
}
