{
  "name": "sqlrite-notes",
  "version": "0.10.1",
  "lockfileVersion": 3,
  "requires": true,
  "packages": {
    "": {
      "name": "sqlrite-notes",
      "version": "0.10.1",
      "license": "MIT",
      "dependencies": {
        "@joaoh82/sqlrite": "^0.10.1"
      },
      "bin": {
        "sqlrite-notes": "bin/sqlrite-notes.mjs"
      },
      "engines": {
        "node": ">=20"
      }
    },
    "node_modules/@joaoh82/sqlrite": {
      "version": "0.10.1",
      "resolved": "https://registry.npmjs.org/@joaoh82/sqlrite/-/sqlrite-0.10.1.tgz",
      "integrity": "sha512-22sPsnxvmQXDc/zG2Xlc1ZRtSTZeGGcjFEPlJwnHci5tnjPtNf4nU40rD97e0p1cv/HgwD5UL9VkiEI6E2Dqig==",
      "license": "MIT",
      "engines": {
        "node": ">= 18"
      }
    }
  }
}
